{
  "version": 4,
  "terraform_version": "0.12.18",
  "serial": 280,
  "lineage": "9193a851-fa03-1e95-609f-3cd8df88e883",
  "outputs": {
    "master_ip": {
      "value": "172.17.129.184",
      "type": "string"
    },
    "worker_node1_ip": {
      "value": "172.17.129.171",
      "type": "string"
    },
    "worker_node2_ip": {
      "value": "172.17.129.151",
      "type": "string"
    },
    "workers": {
      "value": {
        "filename": null,
        "id": "c69233173b18fed7f17c976d23c27f8b9824299a073a209dd4d687d46eae28cf",
        "rendered": "[kube-master]\n172.17.129.184\n\n[kube-node]\n172.17.129.171\n172.17.129.151\n\n[all:vars]\nansible_ssh_private_key_file = /home/ubuntu/Desktop/devops/openstack-infra/k8s_id_rsa\nansible_ssh_user = ubuntu",
        "template": "[kube-master]\n${k8s_master_name}\n\n[kube-node]\n${k8s_node_name}\n\n[all:vars]\nansible_ssh_private_key_file = ${key_path}\nansible_ssh_user = ubuntu",
        "vars": {
          "k8s_master_name": "172.17.129.184",
          "k8s_node_name": "172.17.129.171\n172.17.129.151",
          "key_path": "/home/ubuntu/Desktop/devops/openstack-infra/k8s_id_rsa"
        }
      },
      "type": [
        "object",
        {
          "filename": "string",
          "id": "string",
          "rendered": "string",
          "template": "string",
          "vars": [
            "map",
            "string"
          ]
        }
      ]
    }
  },
  "resources": [
    {
      "mode": "data",
      "type": "template_file",
      "name": "k8s",
      "provider": "provider.template",
      "instances": [
        {
          "schema_version": 0,
          "attributes": {
            "filename": null,
            "id": "c69233173b18fed7f17c976d23c27f8b9824299a073a209dd4d687d46eae28cf",
            "rendered": "[kube-master]\n172.17.129.184\n\n[kube-node]\n172.17.129.171\n172.17.129.151\n\n[all:vars]\nansible_ssh_private_key_file = /home/ubuntu/Desktop/devops/openstack-infra/k8s_id_rsa\nansible_ssh_user = ubuntu",
            "template": "[kube-master]\n${k8s_master_name}\n\n[kube-node]\n${k8s_node_name}\n\n[all:vars]\nansible_ssh_private_key_file = ${key_path}\nansible_ssh_user = ubuntu",
            "vars": {
              "k8s_master_name": "172.17.129.184",
              "k8s_node_name": "172.17.129.171\n172.17.129.151",
              "key_path": "/home/ubuntu/Desktop/devops/openstack-infra/k8s_id_rsa"
            }
          }
        }
      ]
    },
    {
      "mode": "managed",
      "type": "local_file",
      "name": "k8s_file",
      "provider": "provider.local",
      "instances": [
        {
          "schema_version": 0,
          "attributes": {
            "content": "[kube-master]\n172.17.129.184\n\n[kube-node]\n172.17.129.171\n172.17.129.151\n\n[all:vars]\nansible_ssh_private_key_file = /home/ubuntu/Desktop/devops/openstack-infra/k8s_id_rsa\nansible_ssh_user = ubuntu",
            "content_base64": null,
            "directory_permission": "0777",
            "file_permission": "0777",
            "filename": "../ansible-k8s/k8s-hosts",
            "id": "5befa475bca44fc87650d518d2bb1867c8a9a7c1",
            "sensitive_content": null
          },
          "private": "bnVsbA==",
          "dependencies": [
            "openstack_networking_floatingip_v2.floatip_1",
            "openstack_networking_floatingip_v2.floatip_2",
            "openstack_networking_floatingip_v2.floatip_3"
          ]
        }
      ]
    },
    {
      "mode": "managed",
      "type": "openstack_compute_floatingip_associate_v2",
      "name": "floatip_1",
      "provider": "provider.openstack",
      "instances": [
        {
          "schema_version": 0,
          "attributes": {
            "fixed_ip": "",
            "floating_ip": "172.17.129.184",
            "id": "172.17.129.184/f029cdc3-dca9-4abc-9ffc-acbbeef4ad0f/",
            "instance_id": "f029cdc3-dca9-4abc-9ffc-acbbeef4ad0f",
            "region": "RegionOne",
            "timeouts": null,
            "wait_until_associated": null
          },
          "private": "eyJlMmJmYjczMC1lY2FhLTExZTYtOGY4OC0zNDM2M2JjN2M0YzAiOnsiY3JlYXRlIjo2MDAwMDAwMDAwMDB9fQ==",
          "dependencies": [
            "openstack_compute_instance_v2.k8s_master",
            "openstack_networking_floatingip_v2.floatip_1",
            "openstack_networking_network_v2.k8s_private_net"
          ]
        }
      ]
    },
    {
      "mode": "managed",
      "type": "openstack_compute_floatingip_associate_v2",
      "name": "floatip_2",
      "provider": "provider.openstack",
      "instances": [
        {
          "schema_version": 0,
          "attributes": {
            "fixed_ip": "",
            "floating_ip": "172.17.129.171",
            "id": "172.17.129.171/a967d14b-f73e-41ab-be8d-e576cf8c47fd/",
            "instance_id": "a967d14b-f73e-41ab-be8d-e576cf8c47fd",
            "region": "RegionOne",
            "timeouts": null,
            "wait_until_associated": null
          },
          "private": "eyJlMmJmYjczMC1lY2FhLTExZTYtOGY4OC0zNDM2M2JjN2M0YzAiOnsiY3JlYXRlIjo2MDAwMDAwMDAwMDB9fQ==",
          "dependencies": [
            "openstack_compute_instance_v2.k8s_node1",
            "openstack_networking_floatingip_v2.floatip_2",
            "openstack_networking_network_v2.k8s_private_net"
          ]
        }
      ]
    },
    {
      "mode": "managed",
      "type": "openstack_compute_floatingip_associate_v2",
      "name": "floatip_3",
      "provider": "provider.openstack",
      "instances": [
        {
          "schema_version": 0,
          "attributes": {
            "fixed_ip": "",
            "floating_ip": "172.17.129.151",
            "id": "172.17.129.151/4b7498e1-269c-4c43-b061-7fb25e01c4bd/",
            "instance_id": "4b7498e1-269c-4c43-b061-7fb25e01c4bd",
            "region": "RegionOne",
            "timeouts": null,
            "wait_until_associated": null
          },
          "private": "eyJlMmJmYjczMC1lY2FhLTExZTYtOGY4OC0zNDM2M2JjN2M0YzAiOnsiY3JlYXRlIjo2MDAwMDAwMDAwMDB9fQ==",
          "dependencies": [
            "openstack_compute_instance_v2.k8s_node2",
            "openstack_networking_floatingip_v2.floatip_3",
            "openstack_networking_network_v2.k8s_private_net"
          ]
        }
      ]
    },
    {
      "mode": "managed",
      "type": "openstack_compute_instance_v2",
      "name": "k8s_master",
      "provider": "provider.openstack",
      "instances": [
        {
          "schema_version": 0,
          "attributes": {
            "access_ip_v4": "192.168.199.200",
            "access_ip_v6": "",
            "admin_pass": null,
            "all_metadata": {},
            "all_tags": [
              "k8s_master"
            ],
            "availability_zone": "nova",
            "block_device": [],
            "config_drive": null,
            "flavor_id": "3",
            "flavor_name": "m1.medium",
            "floating_ip": null,
            "force_delete": false,
            "id": "f029cdc3-dca9-4abc-9ffc-acbbeef4ad0f",
            "image_id": "dbaaf9f8-de4f-4ee9-aa11-6db1d7343403",
            "image_name": "ubuntu-16.04",
            "key_pair": "k8s_key",
            "metadata": null,
            "name": "k8s_master",
            "network": [
              {
                "access_network": false,
                "fixed_ip_v4": "192.168.199.200",
                "fixed_ip_v6": "",
                "floating_ip": "",
                "mac": "fa:16:3e:c3:3d:16",
                "name": "k8s_private_net",
                "port": "",
                "uuid": "a2ecbf64-563e-4e6e-b9ec-841ec887a6c8"
              }
            ],
            "personality": [],
            "power_state": "active",
            "region": "RegionOne",
            "scheduler_hints": [],
            "security_groups": [
              "default"
            ],
            "stop_before_destroy": false,
            "tags": [
              "k8s_master"
            ],
            "timeouts": null,
            "user_data": "544bcc89a183915cd4c6e09f4c983b8bb61cc9aa",
            "vendor_options": [],
            "volume": []
          },
          "private": "eyJlMmJmYjczMC1lY2FhLTExZTYtOGY4OC0zNDM2M2JjN2M0YzAiOnsiY3JlYXRlIjoxODAwMDAwMDAwMDAwLCJkZWxldGUiOjE4MDAwMDAwMDAwMDAsInVwZGF0ZSI6MTgwMDAwMDAwMDAwMH19",
          "dependencies": [
            "openstack_networking_network_v2.k8s_private_net"
          ]
        }
      ]
    },
    {
      "mode": "managed",
      "type": "openstack_compute_instance_v2",
      "name": "k8s_node1",
      "provider": "provider.openstack",
      "instances": [
        {
          "schema_version": 0,
          "attributes": {
            "access_ip_v4": "192.168.199.231",
            "access_ip_v6": "",
            "admin_pass": null,
            "all_metadata": {},
            "all_tags": [
              "k8s_node"
            ],
            "availability_zone": "nova",
            "block_device": [],
            "config_drive": null,
            "flavor_id": "3",
            "flavor_name": "m1.medium",
            "floating_ip": null,
            "force_delete": false,
            "id": "a967d14b-f73e-41ab-be8d-e576cf8c47fd",
            "image_id": "dbaaf9f8-de4f-4ee9-aa11-6db1d7343403",
            "image_name": "ubuntu-16.04",
            "key_pair": "k8s_key",
            "metadata": null,
            "name": "k8s_node1",
            "network": [
              {
                "access_network": false,
                "fixed_ip_v4": "192.168.199.231",
                "fixed_ip_v6": "",
                "floating_ip": "",
                "mac": "fa:16:3e:7e:c7:20",
                "name": "k8s_private_net",
                "port": "",
                "uuid": "a2ecbf64-563e-4e6e-b9ec-841ec887a6c8"
              }
            ],
            "personality": [],
            "power_state": "active",
            "region": "RegionOne",
            "scheduler_hints": [],
            "security_groups": [
              "default"
            ],
            "stop_before_destroy": false,
            "tags": [
              "k8s_node"
            ],
            "timeouts": null,
            "user_data": "47f3cef9c1bd93cf94cf41be3f7fb61a19a1c933",
            "vendor_options": [],
            "volume": []
          },
          "private": "eyJlMmJmYjczMC1lY2FhLTExZTYtOGY4OC0zNDM2M2JjN2M0YzAiOnsiY3JlYXRlIjoxODAwMDAwMDAwMDAwLCJkZWxldGUiOjE4MDAwMDAwMDAwMDAsInVwZGF0ZSI6MTgwMDAwMDAwMDAwMH19",
          "dependencies": [
            "openstack_networking_network_v2.k8s_private_net"
          ]
        }
      ]
    },
    {
      "mode": "managed",
      "type": "openstack_compute_instance_v2",
      "name": "k8s_node2",
      "provider": "provider.openstack",
      "instances": [
        {
          "schema_version": 0,
          "attributes": {
            "access_ip_v4": "192.168.199.214",
            "access_ip_v6": "",
            "admin_pass": null,
            "all_metadata": {},
            "all_tags": [
              "k8s_node"
            ],
            "availability_zone": "nova",
            "block_device": [],
            "config_drive": null,
            "flavor_id": "3",
            "flavor_name": "m1.medium",
            "floating_ip": null,
            "force_delete": false,
            "id": "4b7498e1-269c-4c43-b061-7fb25e01c4bd",
            "image_id": "dbaaf9f8-de4f-4ee9-aa11-6db1d7343403",
            "image_name": "ubuntu-16.04",
            "key_pair": "k8s_key",
            "metadata": null,
            "name": "k8s_node2",
            "network": [
              {
                "access_network": false,
                "fixed_ip_v4": "192.168.199.214",
                "fixed_ip_v6": "",
                "floating_ip": "",
                "mac": "fa:16:3e:78:96:84",
                "name": "k8s_private_net",
                "port": "",
                "uuid": "a2ecbf64-563e-4e6e-b9ec-841ec887a6c8"
              }
            ],
            "personality": [],
            "power_state": "active",
            "region": "RegionOne",
            "scheduler_hints": [],
            "security_groups": [
              "default"
            ],
            "stop_before_destroy": false,
            "tags": [
              "k8s_node"
            ],
            "timeouts": null,
            "user_data": "4575a7f01e61a63df09afe7cba51f31fbd1e51e7",
            "vendor_options": [],
            "volume": []
          },
          "private": "eyJlMmJmYjczMC1lY2FhLTExZTYtOGY4OC0zNDM2M2JjN2M0YzAiOnsiY3JlYXRlIjoxODAwMDAwMDAwMDAwLCJkZWxldGUiOjE4MDAwMDAwMDAwMDAsInVwZGF0ZSI6MTgwMDAwMDAwMDAwMH19",
          "dependencies": [
            "openstack_networking_network_v2.k8s_private_net"
          ]
        }
      ]
    },
    {
      "mode": "managed",
      "type": "openstack_compute_keypair_v2",
      "name": "k8s_key",
      "provider": "provider.openstack",
      "instances": [
        {
          "schema_version": 0,
          "attributes": {
            "fingerprint": "e3:69:d3:27:62:24:d6:35:03:bf:32:8b:b0:fc:fd:01",
            "id": "k8s_key",
            "name": "k8s_key",
            "private_key": "",
            "public_key": "ssh-rsa AAAAB3NzaC1yc2EAAAADAQABAAACAQCiPKoUZzGj/Z+yVVNqp8vcaN/Rf9lq8jGcLdgTV1olm6uQU4ywmTkpNAS8WS4yOFjhh2eS0c31I63t42U1ZiLK59v/rKEwIDA15bJLnm5r2xvKcKclPipPPM5FfOu6Qu8+ncWrJa3ljrdR8MO9cQpXfW8SeY1fKAq4borFzNd1lTjY4BysAvqXZZ5HJeoatT8Dt2uancB1kfnwXAdiqw03uV0bKjXe+SrQRBhnb2MyE5deOAsYJmjsDrzBdt5rdgQ+IZOESU+SufTx7fdAOceOWBGSN2csZW21TDwl6Sd+C+jS7tJAFcUIEx/mWqjlIR058zEyLMS34xnQPIRg4pSx1Me6NupO/b+BJtFHOYc90IdmzSQMECwqWkx/vm4AcIjAfDK7NzM8Rq/PndegHx4hg30o8muPO/Pm8slIWjaSP5AbZkrqfXhssW21luJ1UgIWCLjWR+B7Ylm5FVwTP6C5odLCU4tcHB/LEqZGXRNAH8SgSkkA7W3nJBKPTxSLxtFLnktd3Gr0cenavLrZbPkIxVZtFOmN8xXlDZrYziFuCmQ36yjjBsiejC2B2mQiBQ8UBYb/0eOD+mVfzBJvxlKAQQ/x8e2+LztHhhQRE9P1aFIAZOu3FTceZTpJQgW78V5biAaK8fay5S0jcf8YTJn+Hl7j6vUtsgkigsv26DjGRw== ubuntu@ubuntuVM\n",
            "region": "RegionOne",
            "value_specs": null
          },
          "private": "bnVsbA=="
        }
      ]
    },
    {
      "mode": "managed",
      "type": "openstack_networking_floatingip_v2",
      "name": "floatip_1",
      "provider": "provider.openstack",
      "instances": [
        {
          "schema_version": 0,
          "attributes": {
            "address": "172.17.129.184",
            "all_tags": [],
            "description": "",
            "dns_domain": "",
            "dns_name": "",
            "fixed_ip": "",
            "id": "3273da3f-7bc8-4e2b-9048-26f869fbeff8",
            "pool": "public1",
            "port_id": "",
            "region": "RegionOne",
            "subnet_id": null,
            "tags": [],
            "tenant_id": "7862291348ec447abd4e931b4cdb2f30",
            "timeouts": null,
            "value_specs": null
          },
          "private": "eyJlMmJmYjczMC1lY2FhLTExZTYtOGY4OC0zNDM2M2JjN2M0YzAiOnsiY3JlYXRlIjo2MDAwMDAwMDAwMDAsImRlbGV0ZSI6NjAwMDAwMDAwMDAwfX0="
        }
      ]
    },
    {
      "mode": "managed",
      "type": "openstack_networking_floatingip_v2",
      "name": "floatip_2",
      "provider": "provider.openstack",
      "instances": [
        {
          "schema_version": 0,
          "attributes": {
            "address": "172.17.129.171",
            "all_tags": [],
            "description": "",
            "dns_domain": "",
            "dns_name": "",
            "fixed_ip": "",
            "id": "09dd3b86-ee5f-4ecc-b996-63206ff20895",
            "pool": "public1",
            "port_id": "",
            "region": "RegionOne",
            "subnet_id": null,
            "tags": [],
            "tenant_id": "7862291348ec447abd4e931b4cdb2f30",
            "timeouts": null,
            "value_specs": null
          },
          "private": "eyJlMmJmYjczMC1lY2FhLTExZTYtOGY4OC0zNDM2M2JjN2M0YzAiOnsiY3JlYXRlIjo2MDAwMDAwMDAwMDAsImRlbGV0ZSI6NjAwMDAwMDAwMDAwfX0="
        }
      ]
    },
    {
      "mode": "managed",
      "type": "openstack_networking_floatingip_v2",
      "name": "floatip_3",
      "provider": "provider.openstack",
      "instances": [
        {
          "schema_version": 0,
          "attributes": {
            "address": "172.17.129.151",
            "all_tags": [],
            "description": "",
            "dns_domain": "",
            "dns_name": "",
            "fixed_ip": "192.168.199.214",
            "id": "8db35d32-7a95-48dc-a50c-5d299cb3617e",
            "pool": "public1",
            "port_id": "065fe6e5-f76c-47d8-9f25-4a6dd6806470",
            "region": "RegionOne",
            "subnet_id": null,
            "tags": [],
            "tenant_id": "7862291348ec447abd4e931b4cdb2f30",
            "timeouts": null,
            "value_specs": null
          },
          "private": "eyJlMmJmYjczMC1lY2FhLTExZTYtOGY4OC0zNDM2M2JjN2M0YzAiOnsiY3JlYXRlIjo2MDAwMDAwMDAwMDAsImRlbGV0ZSI6NjAwMDAwMDAwMDAwfX0="
        }
      ]
    },
    {
      "mode": "managed",
      "type": "openstack_networking_network_v2",
      "name": "k8s_private_net",
      "provider": "provider.openstack",
      "instances": [
        {
          "schema_version": 0,
          "attributes": {
            "admin_state_up": true,
            "all_tags": [],
            "availability_zone_hints": [],
            "description": "",
            "dns_domain": "",
            "external": false,
            "id": "a2ecbf64-563e-4e6e-b9ec-841ec887a6c8",
            "mtu": 1450,
            "name": "k8s_private_net",
            "port_security_enabled": true,
            "qos_policy_id": "",
            "region": "RegionOne",
            "segments": [],
            "shared": false,
            "tags": [],
            "tenant_id": "7862291348ec447abd4e931b4cdb2f30",
            "timeouts": null,
            "transparent_vlan": false,
            "value_specs": null
          },
          "private": "eyJlMmJmYjczMC1lY2FhLTExZTYtOGY4OC0zNDM2M2JjN2M0YzAiOnsiY3JlYXRlIjo2MDAwMDAwMDAwMDAsImRlbGV0ZSI6NjAwMDAwMDAwMDAwfX0="
        }
      ]
    },
    {
      "mode": "managed",
      "type": "openstack_networking_router_interface_v2",
      "name": "k8s_router_interface_1",
      "provider": "provider.openstack",
      "instances": [
        {
          "schema_version": 0,
          "attributes": {
            "id": "38885ece-83b8-49fa-b98c-0afe747157bf",
            "port_id": "38885ece-83b8-49fa-b98c-0afe747157bf",
            "region": "RegionOne",
            "router_id": "026447e3-5c29-4f73-9ed0-e37d93dfa967",
            "subnet_id": "6ccf9620-66ff-4f1f-bb7e-4a3a752c558a",
            "timeouts": null
          },
          "private": "eyJlMmJmYjczMC1lY2FhLTExZTYtOGY4OC0zNDM2M2JjN2M0YzAiOnsiY3JlYXRlIjo2MDAwMDAwMDAwMDAsImRlbGV0ZSI6NjAwMDAwMDAwMDAwfX0=",
          "dependencies": [
            "openstack_networking_network_v2.k8s_private_net",
            "openstack_networking_router_v2.k8s_router",
            "openstack_networking_subnet_v2.k8s_private_subnet"
          ]
        }
      ]
    },
    {
      "mode": "managed",
      "type": "openstack_networking_router_v2",
      "name": "k8s_router",
      "provider": "provider.openstack",
      "instances": [
        {
          "schema_version": 0,
          "attributes": {
            "admin_state_up": true,
            "all_tags": [],
            "availability_zone_hints": [],
            "description": "",
            "distributed": false,
            "enable_snat": true,
            "external_fixed_ip": [
              {
                "ip_address": "172.17.129.172",
                "subnet_id": "a87aefd2-7ddf-4cc9-8b63-e556b0e4239d"
              }
            ],
            "external_gateway": "e20e09af-5e74-461d-970c-ca0167cf922e",
            "external_network_id": "e20e09af-5e74-461d-970c-ca0167cf922e",
            "id": "026447e3-5c29-4f73-9ed0-e37d93dfa967",
            "name": "k8s_router",
            "region": "RegionOne",
            "tags": [],
            "tenant_id": "7862291348ec447abd4e931b4cdb2f30",
            "timeouts": null,
            "value_specs": null,
            "vendor_options": []
          },
          "private": "eyJlMmJmYjczMC1lY2FhLTExZTYtOGY4OC0zNDM2M2JjN2M0YzAiOnsiY3JlYXRlIjo2MDAwMDAwMDAwMDAsImRlbGV0ZSI6NjAwMDAwMDAwMDAwfX0="
        }
      ]
    },
    {
      "mode": "managed",
      "type": "openstack_networking_subnet_v2",
      "name": "k8s_private_subnet",
      "provider": "provider.openstack",
      "instances": [
        {
          "schema_version": 0,
          "attributes": {
            "all_tags": [],
            "allocation_pool": [
              {
                "end": "192.168.199.254",
                "start": "192.168.199.2"
              }
            ],
            "allocation_pools": [
              {
                "end": "192.168.199.254",
                "start": "192.168.199.2"
              }
            ],
            "cidr": "192.168.199.0/24",
            "description": "",
            "dns_nameservers": [],
            "enable_dhcp": true,
            "gateway_ip": "192.168.199.1",
            "host_routes": [],
            "id": "6ccf9620-66ff-4f1f-bb7e-4a3a752c558a",
            "ip_version": 4,
            "ipv6_address_mode": "",
            "ipv6_ra_mode": "",
            "name": "k8s_private_subnet",
            "network_id": "a2ecbf64-563e-4e6e-b9ec-841ec887a6c8",
            "no_gateway": false,
            "prefix_length": null,
            "region": "RegionOne",
            "subnetpool_id": "",
            "tags": [],
            "tenant_id": "7862291348ec447abd4e931b4cdb2f30",
            "timeouts": null,
            "value_specs": null
          },
          "private": "eyJlMmJmYjczMC1lY2FhLTExZTYtOGY4OC0zNDM2M2JjN2M0YzAiOnsiY3JlYXRlIjo2MDAwMDAwMDAwMDAsImRlbGV0ZSI6NjAwMDAwMDAwMDAwfX0=",
          "dependencies": [
            "openstack_networking_network_v2.k8s_private_net"
          ]
        }
      ]
    }
  ]
}
